// !$*UTF8*$!
{
	archiveVersion = 1;
	classes = {
	};
	objectVersion = 55;
	objects = {

/* Begin PBXBuildFile section */
		B33C145B27ABF1180015260C /* 2577_숫자의개수.swift in Sources */ = {isa = PBXBuildFile; fileRef = B33C145A27ABF1170015260C /* 2577_숫자의개수.swift */; };
		B33C145D27ABFAF70015260C /* 3052_나머지.swift in Sources */ = {isa = PBXBuildFile; fileRef = B33C145C27ABFAF60015260C /* 3052_나머지.swift */; };
		B33C145F27ABFD9D0015260C /* 1546_평균.swift in Sources */ = {isa = PBXBuildFile; fileRef = B33C145E27ABFD9D0015260C /* 1546_평균.swift */; };
		B33C146127AC08F00015260C /* 8958_OX퀴즈.swift in Sources */ = {isa = PBXBuildFile; fileRef = B33C146027AC08F00015260C /* 8958_OX퀴즈.swift */; };
		B33C146427AC1D9D0015260C /* 4344_평균은넘겠지.swift in Sources */ = {isa = PBXBuildFile; fileRef = B33C146327AC1D9D0015260C /* 4344_평균은넘겠지.swift */; };
		B33C146627AD89040015260C /* 5585_거스름돈.swift in Sources */ = {isa = PBXBuildFile; fileRef = B33C146527AD89040015260C /* 5585_거스름돈.swift */; };
		B33C146827AD94030015260C /* 2217_로프.swift in Sources */ = {isa = PBXBuildFile; fileRef = B33C146727AD94030015260C /* 2217_로프.swift */; };
		B3794CCC287C4BFF0005CCFA /* Programmers_신고결과받기.swift in Sources */ = {isa = PBXBuildFile; fileRef = B3794CCB287C4BFF0005CCFA /* Programmers_신고결과받기.swift */; };
		B37F41CD27CFB1CB001F6115 /* 10773_제로.swift in Sources */ = {isa = PBXBuildFile; fileRef = B37F41CC27CFB1CB001F6115 /* 10773_제로.swift */; };
		B3C4C00327A6DC1900A97349 /* main.swift in Sources */ = {isa = PBXBuildFile; fileRef = B3C4C00227A6DC1900A97349 /* main.swift */; };
		B3C4C03027A6EEA300A97349 /* 10818_최소,최대.swift in Sources */ = {isa = PBXBuildFile; fileRef = B3C4C02F27A6EEA300A97349 /* 10818_최소,최대.swift */; };
		B3C4C03227A6F95C00A97349 /* 2562_최댓값.swift in Sources */ = {isa = PBXBuildFile; fileRef = B3C4C03127A6F95C00A97349 /* 2562_최댓값.swift */; };
		B3E6260B27D5003300EC3D3C /* 2504_괄호의값.swift in Sources */ = {isa = PBXBuildFile; fileRef = B3E6260A27D5003300EC3D3C /* 2504_괄호의값.swift */; };
		C03A322E2BEB6F9D003D54F3 /* 13549_숨바꼭질3.swift in Sources */ = {isa = PBXBuildFile; fileRef = C03A322D2BEB6F9D003D54F3 /* 13549_숨바꼭질3.swift */; };
		C05C228B2BECC18800D0B337 /* 15989.swift in Sources */ = {isa = PBXBuildFile; fileRef = C05C228A2BECC18800D0B337 /* 15989.swift */; };
		C0D5A0722C01F3E700074F38 /* 1927.swift in Sources */ = {isa = PBXBuildFile; fileRef = C0D5A0712C01F3E700074F38 /* 1927.swift */; };
		C0D5A0742C01F6E900074F38 /* 20055.swift in Sources */ = {isa = PBXBuildFile; fileRef = C0D5A0732C01F6E900074F38 /* 20055.swift */; };
		C0D5E6B62BEA1F8D0044EA79 /* 12919_A와B2.swift in Sources */ = {isa = PBXBuildFile; fileRef = C0D5E6B52BEA1F8D0044EA79 /* 12919_A와B2.swift */; };
/* End PBXBuildFile section */

/* Begin PBXCopyFilesBuildPhase section */
		B3C4BFFD27A6DC1900A97349 /* CopyFiles */ = {
			isa = PBXCopyFilesBuildPhase;
			buildActionMask = 2147483647;
			dstPath = /usr/share/man/man1/;
			dstSubfolderSpec = 0;
			files = (
			);
			runOnlyForDeploymentPostprocessing = 1;
		};
/* End PBXCopyFilesBuildPhase section */

/* Begin PBXFileReference section */
		B33C145A27ABF1170015260C /* 2577_숫자의개수.swift */ = {isa = PBXFileReference; lastKnownFileType = sourcecode.swift; path = "2577_숫자의개수.swift"; sourceTree = "<group>"; };
		B33C145C27ABFAF60015260C /* 3052_나머지.swift */ = {isa = PBXFileReference; lastKnownFileType = sourcecode.swift; path = "3052_나머지.swift"; sourceTree = "<group>"; };
		B33C145E27ABFD9D0015260C /* 1546_평균.swift */ = {isa = PBXFileReference; lastKnownFileType = sourcecode.swift; path = "1546_평균.swift"; sourceTree = "<group>"; };
		B33C146027AC08F00015260C /* 8958_OX퀴즈.swift */ = {isa = PBXFileReference; lastKnownFileType = sourcecode.swift; path = "8958_OX퀴즈.swift"; sourceTree = "<group>"; };
		B33C146327AC1D9D0015260C /* 4344_평균은넘겠지.swift */ = {isa = PBXFileReference; lastKnownFileType = sourcecode.swift; path = "4344_평균은넘겠지.swift"; sourceTree = "<group>"; };
		B33C146527AD89040015260C /* 5585_거스름돈.swift */ = {isa = PBXFileReference; lastKnownFileType = sourcecode.swift; path = "5585_거스름돈.swift"; sourceTree = "<group>"; };
		B33C146727AD94030015260C /* 2217_로프.swift */ = {isa = PBXFileReference; lastKnownFileType = sourcecode.swift; path = "2217_로프.swift"; sourceTree = "<group>"; };
		B3794CCB287C4BFF0005CCFA /* Programmers_신고결과받기.swift */ = {isa = PBXFileReference; lastKnownFileType = sourcecode.swift; path = "Programmers_신고결과받기.swift"; sourceTree = "<group>"; };
		B37F41CC27CFB1CB001F6115 /* 10773_제로.swift */ = {isa = PBXFileReference; lastKnownFileType = sourcecode.swift; path = "10773_제로.swift"; sourceTree = "<group>"; };
		B3C4BFFF27A6DC1900A97349 /* BACKJOON_SWIFT */ = {isa = PBXFileReference; explicitFileType = "compiled.mach-o.executable"; includeInIndex = 0; path = BACKJOON_SWIFT; sourceTree = BUILT_PRODUCTS_DIR; };
		B3C4C00227A6DC1900A97349 /* main.swift */ = {isa = PBXFileReference; lastKnownFileType = sourcecode.swift; path = main.swift; sourceTree = "<group>"; };
		B3C4C02F27A6EEA300A97349 /* 10818_최소,최대.swift */ = {isa = PBXFileReference; lastKnownFileType = sourcecode.swift; path = "10818_최소,최대.swift"; sourceTree = "<group>"; };
		B3C4C03127A6F95C00A97349 /* 2562_최댓값.swift */ = {isa = PBXFileReference; lastKnownFileType = sourcecode.swift; path = "2562_최댓값.swift"; sourceTree = "<group>"; };
		B3E6260A27D5003300EC3D3C /* 2504_괄호의값.swift */ = {isa = PBXFileReference; lastKnownFileType = sourcecode.swift; path = "2504_괄호의값.swift"; sourceTree = "<group>"; };
		C03A322D2BEB6F9D003D54F3 /* 13549_숨바꼭질3.swift */ = {isa = PBXFileReference; lastKnownFileType = sourcecode.swift; path = "13549_숨바꼭질3.swift"; sourceTree = "<group>"; };
		C05C228A2BECC18800D0B337 /* 15989.swift */ = {isa = PBXFileReference; lastKnownFileType = sourcecode.swift; path = 15989.swift; sourceTree = "<group>"; };
		C0D5A0712C01F3E700074F38 /* 1927.swift */ = {isa = PBXFileReference; lastKnownFileType = sourcecode.swift; path = 1927.swift; sourceTree = "<group>"; };
		C0D5A0732C01F6E900074F38 /* 20055.swift */ = {isa = PBXFileReference; lastKnownFileType = sourcecode.swift; path = 20055.swift; sourceTree = "<group>"; };
		C0D5E6B52BEA1F8D0044EA79 /* 12919_A와B2.swift */ = {isa = PBXFileReference; lastKnownFileType = sourcecode.swift; path = "12919_A와B2.swift"; sourceTree = "<group>"; };
/* End PBXFileReference section */

/* Begin PBXFrameworksBuildPhase section */
		B3C4BFFC27A6DC1900A97349 /* Frameworks */ = {
			isa = PBXFrameworksBuildPhase;
			buildActionMask = 2147483647;
			files = (
			);
			runOnlyForDeploymentPostprocessing = 0;
		};
/* End PBXFrameworksBuildPhase section */

/* Begin PBXGroup section */
		B3C4BFF627A6DC1900A97349 = {
			isa = PBXGroup;
			children = (
				B3C4C00127A6DC1900A97349 /* BACKJOON_SWIFT */,
				B3C4C00027A6DC1900A97349 /* Products */,
			);
			sourceTree = "<group>";
		};
		B3C4C00027A6DC1900A97349 /* Products */ = {
			isa = PBXGroup;
			children = (
				B3C4BFFF27A6DC1900A97349 /* BACKJOON_SWIFT */,
			);
			name = Products;
			sourceTree = "<group>";
		};
		B3C4C00127A6DC1900A97349 /* BACKJOON_SWIFT */ = {
			isa = PBXGroup;
			children = (
				B3C4C00227A6DC1900A97349 /* main.swift */,
				B33C145C27ABFAF60015260C /* 3052_나머지.swift */,
				B33C145A27ABF1170015260C /* 2577_숫자의개수.swift */,
				B3C4C02F27A6EEA300A97349 /* 10818_최소,최대.swift */,
				B3C4C03127A6F95C00A97349 /* 2562_최댓값.swift */,
				B33C145E27ABFD9D0015260C /* 1546_평균.swift */,
				B33C146027AC08F00015260C /* 8958_OX퀴즈.swift */,
				B33C146327AC1D9D0015260C /* 4344_평균은넘겠지.swift */,
				B33C146527AD89040015260C /* 5585_거스름돈.swift */,
				B33C146727AD94030015260C /* 2217_로프.swift */,
				B37F41CC27CFB1CB001F6115 /* 10773_제로.swift */,
				B3E6260A27D5003300EC3D3C /* 2504_괄호의값.swift */,
				B3794CCB287C4BFF0005CCFA /* Programmers_신고결과받기.swift */,
				C0D5E6B52BEA1F8D0044EA79 /* 12919_A와B2.swift */,
				C03A322D2BEB6F9D003D54F3 /* 13549_숨바꼭질3.swift */,
				C05C228A2BECC18800D0B337 /* 15989.swift */,
				C0D5A0712C01F3E700074F38 /* 1927.swift */,
				C0D5A0732C01F6E900074F38 /* 20055.swift */,
			);
			path = BACKJOON_SWIFT;
			sourceTree = "<group>";
		};
/* End PBXGroup section */

/* Begin PBXNativeTarget section */
		B3C4BFFE27A6DC1900A97349 /* BACKJOON_SWIFT */ = {
			isa = PBXNativeTarget;
			buildConfigurationList = B3C4C00627A6DC1900A97349 /* Build configuration list for PBXNativeTarget "BACKJOON_SWIFT" */;
			buildPhases = (
				B3C4BFFB27A6DC1900A97349 /* Sources */,
				B3C4BFFC27A6DC1900A97349 /* Frameworks */,
				B3C4BFFD27A6DC1900A97349 /* CopyFiles */,
			);
			buildRules = (
			);
			dependencies = (
			);
			name = BACKJOON_SWIFT;
			productName = BACKJOON_SWIFT;
			productReference = B3C4BFFF27A6DC1900A97349 /* BACKJOON_SWIFT */;
			productType = "com.apple.product-type.tool";
		};
/* End PBXNativeTarget section */

/* Begin PBXProject section */
		B3C4BFF727A6DC1900A97349 /* Project object */ = {
			isa = PBXProject;
			attributes = {
				BuildIndependentTargetsInParallel = 1;
				LastSwiftUpdateCheck = 1320;
				LastUpgradeCheck = 1320;
				TargetAttributes = {
					B3C4BFFE27A6DC1900A97349 = {
						CreatedOnToolsVersion = 13.2.1;
					};
				};
			};
			buildConfigurationList = B3C4BFFA27A6DC1900A97349 /* Build configuration list for PBXProject "BACKJOON_SWIFT" */;
			compatibilityVersion = "Xcode 13.0";
			developmentRegion = en;
			hasScannedForEncodings = 0;
			knownRegions = (
				en,
				Base,
			);
			mainGroup = B3C4BFF627A6DC1900A97349;
			productRefGroup = B3C4C00027A6DC1900A97349 /* Products */;
			projectDirPath = "";
			projectRoot = "";
			targets = (
				B3C4BFFE27A6DC1900A97349 /* BACKJOON_SWIFT */,
			);
		};
/* End PBXProject section */

/* Begin PBXSourcesBuildPhase section */
		B3C4BFFB27A6DC1900A97349 /* Sources */ = {
			isa = PBXSourcesBuildPhase;
			buildActionMask = 2147483647;
			files = (
				B3794CCC287C4BFF0005CCFA /* Programmers_신고결과받기.swift in Sources */,
				C0D5A0722C01F3E700074F38 /* 1927.swift in Sources */,
				B3C4C03027A6EEA300A97349 /* 10818_최소,최대.swift in Sources */,
				B33C146127AC08F00015260C /* 8958_OX퀴즈.swift in Sources */,
				C0D5A0742C01F6E900074F38 /* 20055.swift in Sources */,
				C0D5E6B62BEA1F8D0044EA79 /* 12919_A와B2.swift in Sources */,
				C05C228B2BECC18800D0B337 /* 15989.swift in Sources */,
				B3C4C00327A6DC1900A97349 /* main.swift in Sources */,
				B33C145F27ABFD9D0015260C /* 1546_평균.swift in Sources */,
				B3C4C03227A6F95C00A97349 /* 2562_최댓값.swift in Sources */,
				B33C145B27ABF1180015260C /* 2577_숫자의개수.swift in Sources */,
				B37F41CD27CFB1CB001F6115 /* 10773_제로.swift in Sources */,
				B33C145D27ABFAF70015260C /* 3052_나머지.swift in Sources */,
				B33C146827AD94030015260C /* 2217_로프.swift in Sources */,
				C03A322E2BEB6F9D003D54F3 /* 13549_숨바꼭질3.swift in Sources */,
				B33C146427AC1D9D0015260C /* 4344_평균은넘겠지.swift in Sources */,
				B33C146627AD89040015260C /* 5585_거스름돈.swift in Sources */,
				B3E6260B27D5003300EC3D3C /* 2504_괄호의값.swift in Sources */,
			);
			runOnlyForDeploymentPostprocessing = 0;
		};
/* End PBXSourcesBuildPhase section */

/* Begin XCBuildConfiguration section */
		B3C4C00427A6DC1900A97349 /* Debug */ = {
			isa = XCBuildConfiguration;
			buildSettings = {
				ALWAYS_SEARCH_USER_PATHS = NO;
				CLANG_ANALYZER_NONNULL = YES;
				CLANG_ANALYZER_NUMBER_OBJECT_CONVERSION = YES_AGGRESSIVE;
				CLANG_CXX_LANGUAGE_STANDARD = "gnu++17";
				CLANG_CXX_LIBRARY = "libc++";
				CLANG_ENABLE_MODULES = YES;
				CLANG_ENABLE_OBJC_ARC = YES;
				CLANG_ENABLE_OBJC_WEAK = YES;
				CLANG_WARN_BLOCK_CAPTURE_AUTORELEASING = YES;
				CLANG_WARN_BOOL_CONVERSION = YES;
				CLANG_WARN_COMMA = YES;
				CLANG_WARN_CONSTANT_CONVERSION = YES;
				CLANG_WARN_DEPRECATED_OBJC_IMPLEMENTATIONS = YES;
				CLANG_WARN_DIRECT_OBJC_ISA_USAGE = YES_ERROR;
				CLANG_WARN_DOCUMENTATION_COMMENTS = YES;
				CLANG_WARN_EMPTY_BODY = YES;
				CLANG_WARN_ENUM_CONVERSION = YES;
				CLANG_WARN_INFINITE_RECURSION = YES;
				CLANG_WARN_INT_CONVERSION = YES;
				CLANG_WARN_NON_LITERAL_NULL_CONVERSION = YES;
				CLANG_WARN_OBJC_IMPLICIT_RETAIN_SELF = YES;
				CLANG_WARN_OBJC_LITERAL_CONVERSION = YES;
				CLANG_WARN_OBJC_ROOT_CLASS = YES_ERROR;
				CLANG_WARN_QUOTED_INCLUDE_IN_FRAMEWORK_HEADER = YES;
				CLANG_WARN_RANGE_LOOP_ANALYSIS = YES;
				CLANG_WARN_STRICT_PROTOTYPES = YES;
				CLANG_WARN_SUSPICIOUS_MOVE = YES;
				CLANG_WARN_UNGUARDED_AVAILABILITY = YES_AGGRESSIVE;
				CLANG_WARN_UNREACHABLE_CODE = YES;
				CLANG_WARN__DUPLICATE_METHOD_MATCH = YES;
				COPY_PHASE_STRIP = NO;
				DEBUG_INFORMATION_FORMAT = dwarf;
				ENABLE_STRICT_OBJC_MSGSEND = YES;
				ENABLE_TESTABILITY = YES;
				GCC_C_LANGUAGE_STANDARD = gnu11;
				GCC_DYNAMIC_NO_PIC = NO;
				GCC_NO_COMMON_BLOCKS = YES;
				GCC_OPTIMIZATION_LEVEL = 0;
				GCC_PREPROCESSOR_DEFINITIONS = (
					"DEBUG=1",
					"$(inherited)",
				);
				GCC_WARN_64_TO_32_BIT_CONVERSION = YES;
				GCC_WARN_ABOUT_RETURN_TYPE = YES_ERROR;
				GCC_WARN_UNDECLARED_SELECTOR = YES;
				GCC_WARN_UNINITIALIZED_AUTOS = YES_AGGRESSIVE;
				GCC_WARN_UNUSED_FUNCTION = YES;
				GCC_WARN_UNUSED_VARIABLE = YES;
				MACOSX_DEPLOYMENT_TARGET = 11.3;
				MTL_ENABLE_DEBUG_INFO = INCLUDE_SOURCE;
				MTL_FAST_MATH = YES;
				ONLY_ACTIVE_ARCH = YES;
				SDKROOT = macosx;
				SWIFT_ACTIVE_COMPILATION_CONDITIONS = DEBUG;
				SWIFT_OPTIMIZATION_LEVEL = "-Onone";
			};
			name = Debug;
		};
		B3C4C00527A6DC1900A97349 /* Release */ = {
			isa = XCBuildConfiguration;
			buildSettings = {
				ALWAYS_SEARCH_USER_PATHS = NO;
				CLANG_ANALYZER_NONNULL = YES;
				CLANG_ANALYZER_NUMBER_OBJECT_CONVERSION = YES_AGGRESSIVE;
				CLANG_CXX_LANGUAGE_STANDARD = "gnu++17";
				CLANG_CXX_LIBRARY = "libc++";
				CLANG_ENABLE_MODULES = YES;
				CLANG_ENABLE_OBJC_ARC = YES;
				CLANG_ENABLE_OBJC_WEAK = YES;
				CLANG_WARN_BLOCK_CAPTURE_AUTORELEASING = YES;
				CLANG_WARN_BOOL_CONVERSION = YES;
				CLANG_WARN_COMMA = YES;
				CLANG_WARN_CONSTANT_CONVERSION = YES;
				CLANG_WARN_DEPRECATED_OBJC_IMPLEMENTATIONS = YES;
				CLANG_WARN_DIRECT_OBJC_ISA_USAGE = YES_ERROR;
				CLANG_WARN_DOCUMENTATION_COMMENTS = YES;
				CLANG_WARN_EMPTY_BODY = YES;
				CLANG_WARN_ENUM_CONVERSION = YES;
				CLANG_WARN_INFINITE_RECURSION = YES;
				CLANG_WARN_INT_CONVERSION = YES;
				CLANG_WARN_NON_LITERAL_NULL_CONVERSION = YES;
				CLANG_WARN_OBJC_IMPLICIT_RETAIN_SELF = YES;
				CLANG_WARN_OBJC_LITERAL_CONVERSION = YES;
				CLANG_WARN_OBJC_ROOT_CLASS = YES_ERROR;
				CLANG_WARN_QUOTED_INCLUDE_IN_FRAMEWORK_HEADER = YES;
				CLANG_WARN_RANGE_LOOP_ANALYSIS = YES;
				CLANG_WARN_STRICT_PROTOTYPES = YES;
				CLANG_WARN_SUSPICIOUS_MOVE = YES;
				CLANG_WARN_UNGUARDED_AVAILABILITY = YES_AGGRESSIVE;
				CLANG_WARN_UNREACHABLE_CODE = YES;
				CLANG_WARN__DUPLICATE_METHOD_MATCH = YES;
				COPY_PHASE_STRIP = NO;
				DEBUG_INFORMATION_FORMAT = "dwarf-with-dsym";
				ENABLE_NS_ASSERTIONS = NO;
				ENABLE_STRICT_OBJC_MSGSEND = YES;
				GCC_C_LANGUAGE_STANDARD = gnu11;
				GCC_NO_COMMON_BLOCKS = YES;
				GCC_WARN_64_TO_32_BIT_CONVERSION = YES;
				GCC_WARN_ABOUT_RETURN_TYPE = YES_ERROR;
				GCC_WARN_UNDECLARED_SELECTOR = YES;
				GCC_WARN_UNINITIALIZED_AUTOS = YES_AGGRESSIVE;
				GCC_WARN_UNUSED_FUNCTION = YES;
				GCC_WARN_UNUSED_VARIABLE = YES;
				MACOSX_DEPLOYMENT_TARGET = 11.3;
				MTL_ENABLE_DEBUG_INFO = NO;
				MTL_FAST_MATH = YES;
				SDKROOT = macosx;
				SWIFT_COMPILATION_MODE = wholemodule;
				SWIFT_OPTIMIZATION_LEVEL = "-O";
			};
			name = Release;
		};
		B3C4C00727A6DC1900A97349 /* Debug */ = {
			isa = XCBuildConfiguration;
			buildSettings = {
				"CODE_SIGN_IDENTITY[sdk=macosx*]" = "-";
				CODE_SIGN_STYLE = Automatic;
				DEVELOPMENT_TEAM = 23CT9DBA5H;
				ENABLE_HARDENED_RUNTIME = YES;
				PRODUCT_NAME = "$(TARGET_NAME)";
				SWIFT_VERSION = 5.0;
			};
			name = Debug;
		};
		B3C4C00827A6DC1900A97349 /* Release */ = {
			isa = XCBuildConfiguration;
			buildSettings = {
				"CODE_SIGN_IDENTITY[sdk=macosx*]" = "-";
				CODE_SIGN_STYLE = Automatic;
				DEVELOPMENT_TEAM = 23CT9DBA5H;
				ENABLE_HARDENED_RUNTIME = YES;
				PRODUCT_NAME = "$(TARGET_NAME)";
				SWIFT_VERSION = 5.0;
			};
			name = Release;
		};
/* End XCBuildConfiguration section */

/* Begin XCConfigurationList section */
		B3C4BFFA27A6DC1900A97349 /* Build configuration list for PBXProject "BACKJOON_SWIFT" */ = {
			isa = XCConfigurationList;
			buildConfigurations = (
				B3C4C00427A6DC1900A97349 /* Debug */,
				B3C4C00527A6DC1900A97349 /* Release */,
			);
			defaultConfigurationIsVisible = 0;
			defaultConfigurationName = Release;
		};
		B3C4C00627A6DC1900A97349 /* Build configuration list for PBXNativeTarget "BACKJOON_SWIFT" */ = {
			isa = XCConfigurationList;
			buildConfigurations = (
				B3C4C00727A6DC1900A97349 /* Debug */,
				B3C4C00827A6DC1900A97349 /* Release */,
			);
			defaultConfigurationIsVisible = 0;
			defaultConfigurationName = Release;
		};
/* End XCConfigurationList section */
	};
	rootObject = B3C4BFF727A6DC1900A97349 /* Project object */;
}
