// !$*UTF8*$!
{
	archiveVersion = 1;
	classes = {
	};
	objectVersion = 55;
	objects = {

/* Begin PBXBuildFile section */
		B3324D5128B11ED400F7263F /* main.swift in Sources */ = {isa = PBXBuildFile; fileRef = B3324D5028B11ED400F7263F /* main.swift */; };
		B3324D5828B11EF100F7263F /* 직사각형별찍기.swift in Sources */ = {isa = PBXBuildFile; fileRef = B3324D5728B11EF100F7263F /* 직사각형별찍기.swift */; };
		B3324D5C28B21DCA00F7263F /* 행렬의덧셈.swift in Sources */ = {isa = PBXBuildFile; fileRef = B3324D5B28B21DCA00F7263F /* 행렬의덧셈.swift */; };
		B3324D5E28B2271900F7263F /* 핸드폰번호가리기.swift in Sources */ = {isa = PBXBuildFile; fileRef = B3324D5D28B2271900F7263F /* 핸드폰번호가리기.swift */; };
		B3324D7728B513EA00F7263F /* 하샤드수.swift in Sources */ = {isa = PBXBuildFile; fileRef = B3324D7628B513EA00F7263F /* 하샤드수.swift */; };
		B3324D7928B51BD300F7263F /* 평균구하기.swift in Sources */ = {isa = PBXBuildFile; fileRef = B3324D7828B51BD300F7263F /* 평균구하기.swift */; };
		B3324D7B28B51CE600F7263F /* 콜라츠추측.swift in Sources */ = {isa = PBXBuildFile; fileRef = B3324D7A28B51CE600F7263F /* 콜라츠추측.swift */; };
		B3324D7D28B5221E00F7263F /* 최대공약수와최소공배수.swift in Sources */ = {isa = PBXBuildFile; fileRef = B3324D7C28B5221D00F7263F /* 최대공약수와최소공배수.swift */; };
		B3324D7F28B66BD400F7263F /* 짝수와홀수.swift in Sources */ = {isa = PBXBuildFile; fileRef = B3324D7E28B66BD400F7263F /* 짝수와홀수.swift */; };
		B3876FD728BA267C00FEBAF2 /* 정수내림차순으로배치하기.swift in Sources */ = {isa = PBXBuildFile; fileRef = B3876FD628BA267C00FEBAF2 /* 정수내림차순으로배치하기.swift */; };
		B3876FD928BA366500FEBAF2 /* 자연수뒤집어배열로만들기.swift in Sources */ = {isa = PBXBuildFile; fileRef = B3876FD828BA366500FEBAF2 /* 자연수뒤집어배열로만들기.swift */; };
		B3876FDB28BA37E900FEBAF2 /* 자릿수더하기.swift in Sources */ = {isa = PBXBuildFile; fileRef = B3876FDA28BA37E900FEBAF2 /* 자릿수더하기.swift */; };
		B3876FDD28BA394300FEBAF2 /* 이상한문자만들기.swift in Sources */ = {isa = PBXBuildFile; fileRef = B3876FDC28BA394300FEBAF2 /* 이상한문자만들기.swift */; };
		B3DD5D0928B75DE700E4ADDE /* 제일작은수제거하기.swift in Sources */ = {isa = PBXBuildFile; fileRef = B3DD5D0828B75DE700E4ADDE /* 제일작은수제거하기.swift */; };
		B3DD5D0B28B7636200E4ADDE /* 정수제곱근판별.swift in Sources */ = {isa = PBXBuildFile; fileRef = B3DD5D0A28B7636200E4ADDE /* 정수제곱근판별.swift */; };
/* End PBXBuildFile section */

/* Begin PBXCopyFilesBuildPhase section */
		B3324D4B28B11ED400F7263F /* CopyFiles */ = {
			isa = PBXCopyFilesBuildPhase;
			buildActionMask = 2147483647;
			dstPath = /usr/share/man/man1/;
			dstSubfolderSpec = 0;
			files = (
			);
			runOnlyForDeploymentPostprocessing = 1;
		};
/* End PBXCopyFilesBuildPhase section */

/* Begin PBXFileReference section */
		B3324D4D28B11ED400F7263F /* Programmers_SWIFT */ = {isa = PBXFileReference; explicitFileType = "compiled.mach-o.executable"; includeInIndex = 0; path = Programmers_SWIFT; sourceTree = BUILT_PRODUCTS_DIR; };
		B3324D5028B11ED400F7263F /* main.swift */ = {isa = PBXFileReference; lastKnownFileType = sourcecode.swift; path = main.swift; sourceTree = "<group>"; };
		B3324D5728B11EF100F7263F /* 직사각형별찍기.swift */ = {isa = PBXFileReference; lastKnownFileType = sourcecode.swift; path = "직사각형별찍기.swift"; sourceTree = "<group>"; };
		B3324D5B28B21DCA00F7263F /* 행렬의덧셈.swift */ = {isa = PBXFileReference; lastKnownFileType = sourcecode.swift; path = "행렬의덧셈.swift"; sourceTree = "<group>"; };
		B3324D5D28B2271900F7263F /* 핸드폰번호가리기.swift */ = {isa = PBXFileReference; lastKnownFileType = sourcecode.swift; path = "핸드폰번호가리기.swift"; sourceTree = "<group>"; };
		B3324D7628B513EA00F7263F /* 하샤드수.swift */ = {isa = PBXFileReference; lastKnownFileType = sourcecode.swift; path = "하샤드수.swift"; sourceTree = "<group>"; };
		B3324D7828B51BD300F7263F /* 평균구하기.swift */ = {isa = PBXFileReference; lastKnownFileType = sourcecode.swift; path = "평균구하기.swift"; sourceTree = "<group>"; };
		B3324D7A28B51CE600F7263F /* 콜라츠추측.swift */ = {isa = PBXFileReference; lastKnownFileType = sourcecode.swift; path = "콜라츠추측.swift"; sourceTree = "<group>"; };
		B3324D7C28B5221D00F7263F /* 최대공약수와최소공배수.swift */ = {isa = PBXFileReference; lastKnownFileType = sourcecode.swift; path = "최대공약수와최소공배수.swift"; sourceTree = "<group>"; };
		B3324D7E28B66BD400F7263F /* 짝수와홀수.swift */ = {isa = PBXFileReference; lastKnownFileType = sourcecode.swift; path = "짝수와홀수.swift"; sourceTree = "<group>"; };
		B3876FD628BA267C00FEBAF2 /* 정수내림차순으로배치하기.swift */ = {isa = PBXFileReference; lastKnownFileType = sourcecode.swift; path = "정수내림차순으로배치하기.swift"; sourceTree = "<group>"; };
		B3876FD828BA366500FEBAF2 /* 자연수뒤집어배열로만들기.swift */ = {isa = PBXFileReference; lastKnownFileType = sourcecode.swift; path = "자연수뒤집어배열로만들기.swift"; sourceTree = "<group>"; };
		B3876FDA28BA37E900FEBAF2 /* 자릿수더하기.swift */ = {isa = PBXFileReference; lastKnownFileType = sourcecode.swift; path = "자릿수더하기.swift"; sourceTree = "<group>"; };
		B3876FDC28BA394300FEBAF2 /* 이상한문자만들기.swift */ = {isa = PBXFileReference; lastKnownFileType = sourcecode.swift; path = "이상한문자만들기.swift"; sourceTree = "<group>"; };
		B3DD5D0828B75DE700E4ADDE /* 제일작은수제거하기.swift */ = {isa = PBXFileReference; lastKnownFileType = sourcecode.swift; path = "제일작은수제거하기.swift"; sourceTree = "<group>"; };
		B3DD5D0A28B7636200E4ADDE /* 정수제곱근판별.swift */ = {isa = PBXFileReference; lastKnownFileType = sourcecode.swift; path = "정수제곱근판별.swift"; sourceTree = "<group>"; };
/* End PBXFileReference section */

/* Begin PBXFrameworksBuildPhase section */
		B3324D4A28B11ED400F7263F /* Frameworks */ = {
			isa = PBXFrameworksBuildPhase;
			buildActionMask = 2147483647;
			files = (
			);
			runOnlyForDeploymentPostprocessing = 0;
		};
/* End PBXFrameworksBuildPhase section */

/* Begin PBXGroup section */
		B3324D4428B11ED400F7263F = {
			isa = PBXGroup;
			children = (
				B3324D4F28B11ED400F7263F /* Programmers_SWIFT */,
				B3324D4E28B11ED400F7263F /* Products */,
			);
			sourceTree = "<group>";
		};
		B3324D4E28B11ED400F7263F /* Products */ = {
			isa = PBXGroup;
			children = (
				B3324D4D28B11ED400F7263F /* Programmers_SWIFT */,
			);
			name = Products;
			sourceTree = "<group>";
		};
		B3324D4F28B11ED400F7263F /* Programmers_SWIFT */ = {
			isa = PBXGroup;
			children = (
				B3324D5028B11ED400F7263F /* main.swift */,
				B3324D5728B11EF100F7263F /* 직사각형별찍기.swift */,
				B3324D5B28B21DCA00F7263F /* 행렬의덧셈.swift */,
				B3324D5D28B2271900F7263F /* 핸드폰번호가리기.swift */,
				B3324D7628B513EA00F7263F /* 하샤드수.swift */,
				B3324D7828B51BD300F7263F /* 평균구하기.swift */,
				B3324D7A28B51CE600F7263F /* 콜라츠추측.swift */,
				B3324D7C28B5221D00F7263F /* 최대공약수와최소공배수.swift */,
				B3324D7E28B66BD400F7263F /* 짝수와홀수.swift */,
				B3DD5D0828B75DE700E4ADDE /* 제일작은수제거하기.swift */,
				B3DD5D0A28B7636200E4ADDE /* 정수제곱근판별.swift */,
				B3876FD628BA267C00FEBAF2 /* 정수내림차순으로배치하기.swift */,
				B3876FD828BA366500FEBAF2 /* 자연수뒤집어배열로만들기.swift */,
				B3876FDA28BA37E900FEBAF2 /* 자릿수더하기.swift */,
				B3876FDC28BA394300FEBAF2 /* 이상한문자만들기.swift */,
			);
			path = Programmers_SWIFT;
			sourceTree = "<group>";
		};
/* End PBXGroup section */

/* Begin PBXNativeTarget section */
		B3324D4C28B11ED400F7263F /* Programmers_SWIFT */ = {
			isa = PBXNativeTarget;
			buildConfigurationList = B3324D5428B11ED400F7263F /* Build configuration list for PBXNativeTarget "Programmers_SWIFT" */;
			buildPhases = (
				B3324D4928B11ED400F7263F /* Sources */,
				B3324D4A28B11ED400F7263F /* Frameworks */,
				B3324D4B28B11ED400F7263F /* CopyFiles */,
			);
			buildRules = (
			);
			dependencies = (
			);
			name = Programmers_SWIFT;
			productName = Programmers_SWIFT;
			productReference = B3324D4D28B11ED400F7263F /* Programmers_SWIFT */;
			productType = "com.apple.product-type.tool";
		};
/* End PBXNativeTarget section */

/* Begin PBXProject section */
		B3324D4528B11ED400F7263F /* Project object */ = {
			isa = PBXProject;
			attributes = {
				BuildIndependentTargetsInParallel = 1;
				LastSwiftUpdateCheck = 1340;
				LastUpgradeCheck = 1340;
				TargetAttributes = {
					B3324D4C28B11ED400F7263F = {
						CreatedOnToolsVersion = 13.4.1;
					};
				};
			};
			buildConfigurationList = B3324D4828B11ED400F7263F /* Build configuration list for PBXProject "Programmers_SWIFT" */;
			compatibilityVersion = "Xcode 13.0";
			developmentRegion = en;
			hasScannedForEncodings = 0;
			knownRegions = (
				en,
				Base,
			);
			mainGroup = B3324D4428B11ED400F7263F;
			productRefGroup = B3324D4E28B11ED400F7263F /* Products */;
			projectDirPath = "";
			projectRoot = "";
			targets = (
				B3324D4C28B11ED400F7263F /* Programmers_SWIFT */,
			);
		};
/* End PBXProject section */

/* Begin PBXSourcesBuildPhase section */
		B3324D4928B11ED400F7263F /* Sources */ = {
			isa = PBXSourcesBuildPhase;
			buildActionMask = 2147483647;
			files = (
				B3876FDB28BA37E900FEBAF2 /* 자릿수더하기.swift in Sources */,
				B3324D7928B51BD300F7263F /* 평균구하기.swift in Sources */,
				B3324D7D28B5221E00F7263F /* 최대공약수와최소공배수.swift in Sources */,
				B3324D5E28B2271900F7263F /* 핸드폰번호가리기.swift in Sources */,
				B3DD5D0928B75DE700E4ADDE /* 제일작은수제거하기.swift in Sources */,
				B3876FDD28BA394300FEBAF2 /* 이상한문자만들기.swift in Sources */,
				B3DD5D0B28B7636200E4ADDE /* 정수제곱근판별.swift in Sources */,
				B3324D7B28B51CE600F7263F /* 콜라츠추측.swift in Sources */,
				B3876FD728BA267C00FEBAF2 /* 정수내림차순으로배치하기.swift in Sources */,
				B3876FD928BA366500FEBAF2 /* 자연수뒤집어배열로만들기.swift in Sources */,
				B3324D5C28B21DCA00F7263F /* 행렬의덧셈.swift in Sources */,
				B3324D5128B11ED400F7263F /* main.swift in Sources */,
				B3324D5828B11EF100F7263F /* 직사각형별찍기.swift in Sources */,
				B3324D7728B513EA00F7263F /* 하샤드수.swift in Sources */,
				B3324D7F28B66BD400F7263F /* 짝수와홀수.swift in Sources */,
			);
			runOnlyForDeploymentPostprocessing = 0;
		};
/* End PBXSourcesBuildPhase section */

/* Begin XCBuildConfiguration section */
		B3324D5228B11ED400F7263F /* Debug */ = {
			isa = XCBuildConfiguration;
			buildSettings = {
				ALWAYS_SEARCH_USER_PATHS = NO;
				CLANG_ANALYZER_NONNULL = YES;
				CLANG_ANALYZER_NUMBER_OBJECT_CONVERSION = YES_AGGRESSIVE;
				CLANG_CXX_LANGUAGE_STANDARD = "gnu++17";
				CLANG_ENABLE_MODULES = YES;
				CLANG_ENABLE_OBJC_ARC = YES;
				CLANG_ENABLE_OBJC_WEAK = YES;
				CLANG_WARN_BLOCK_CAPTURE_AUTORELEASING = YES;
				CLANG_WARN_BOOL_CONVERSION = YES;
				CLANG_WARN_COMMA = YES;
				CLANG_WARN_CONSTANT_CONVERSION = YES;
				CLANG_WARN_DEPRECATED_OBJC_IMPLEMENTATIONS = YES;
				CLANG_WARN_DIRECT_OBJC_ISA_USAGE = YES_ERROR;
				CLANG_WARN_DOCUMENTATION_COMMENTS = YES;
				CLANG_WARN_EMPTY_BODY = YES;
				CLANG_WARN_ENUM_CONVERSION = YES;
				CLANG_WARN_INFINITE_RECURSION = YES;
				CLANG_WARN_INT_CONVERSION = YES;
				CLANG_WARN_NON_LITERAL_NULL_CONVERSION = YES;
				CLANG_WARN_OBJC_IMPLICIT_RETAIN_SELF = YES;
				CLANG_WARN_OBJC_LITERAL_CONVERSION = YES;
				CLANG_WARN_OBJC_ROOT_CLASS = YES_ERROR;
				CLANG_WARN_QUOTED_INCLUDE_IN_FRAMEWORK_HEADER = YES;
				CLANG_WARN_RANGE_LOOP_ANALYSIS = YES;
				CLANG_WARN_STRICT_PROTOTYPES = YES;
				CLANG_WARN_SUSPICIOUS_MOVE = YES;
				CLANG_WARN_UNGUARDED_AVAILABILITY = YES_AGGRESSIVE;
				CLANG_WARN_UNREACHABLE_CODE = YES;
				CLANG_WARN__DUPLICATE_METHOD_MATCH = YES;
				COPY_PHASE_STRIP = NO;
				DEBUG_INFORMATION_FORMAT = dwarf;
				ENABLE_STRICT_OBJC_MSGSEND = YES;
				ENABLE_TESTABILITY = YES;
				GCC_C_LANGUAGE_STANDARD = gnu11;
				GCC_DYNAMIC_NO_PIC = NO;
				GCC_NO_COMMON_BLOCKS = YES;
				GCC_OPTIMIZATION_LEVEL = 0;
				GCC_PREPROCESSOR_DEFINITIONS = (
					"DEBUG=1",
					"$(inherited)",
				);
				GCC_WARN_64_TO_32_BIT_CONVERSION = YES;
				GCC_WARN_ABOUT_RETURN_TYPE = YES_ERROR;
				GCC_WARN_UNDECLARED_SELECTOR = YES;
				GCC_WARN_UNINITIALIZED_AUTOS = YES_AGGRESSIVE;
				GCC_WARN_UNUSED_FUNCTION = YES;
				GCC_WARN_UNUSED_VARIABLE = YES;
				MACOSX_DEPLOYMENT_TARGET = 12.3;
				MTL_ENABLE_DEBUG_INFO = INCLUDE_SOURCE;
				MTL_FAST_MATH = YES;
				ONLY_ACTIVE_ARCH = YES;
				SDKROOT = macosx;
				SWIFT_ACTIVE_COMPILATION_CONDITIONS = DEBUG;
				SWIFT_OPTIMIZATION_LEVEL = "-Onone";
			};
			name = Debug;
		};
		B3324D5328B11ED400F7263F /* Release */ = {
			isa = XCBuildConfiguration;
			buildSettings = {
				ALWAYS_SEARCH_USER_PATHS = NO;
				CLANG_ANALYZER_NONNULL = YES;
				CLANG_ANALYZER_NUMBER_OBJECT_CONVERSION = YES_AGGRESSIVE;
				CLANG_CXX_LANGUAGE_STANDARD = "gnu++17";
				CLANG_ENABLE_MODULES = YES;
				CLANG_ENABLE_OBJC_ARC = YES;
				CLANG_ENABLE_OBJC_WEAK = YES;
				CLANG_WARN_BLOCK_CAPTURE_AUTORELEASING = YES;
				CLANG_WARN_BOOL_CONVERSION = YES;
				CLANG_WARN_COMMA = YES;
				CLANG_WARN_CONSTANT_CONVERSION = YES;
				CLANG_WARN_DEPRECATED_OBJC_IMPLEMENTATIONS = YES;
				CLANG_WARN_DIRECT_OBJC_ISA_USAGE = YES_ERROR;
				CLANG_WARN_DOCUMENTATION_COMMENTS = YES;
				CLANG_WARN_EMPTY_BODY = YES;
				CLANG_WARN_ENUM_CONVERSION = YES;
				CLANG_WARN_INFINITE_RECURSION = YES;
				CLANG_WARN_INT_CONVERSION = YES;
				CLANG_WARN_NON_LITERAL_NULL_CONVERSION = YES;
				CLANG_WARN_OBJC_IMPLICIT_RETAIN_SELF = YES;
				CLANG_WARN_OBJC_LITERAL_CONVERSION = YES;
				CLANG_WARN_OBJC_ROOT_CLASS = YES_ERROR;
				CLANG_WARN_QUOTED_INCLUDE_IN_FRAMEWORK_HEADER = YES;
				CLANG_WARN_RANGE_LOOP_ANALYSIS = YES;
				CLANG_WARN_STRICT_PROTOTYPES = YES;
				CLANG_WARN_SUSPICIOUS_MOVE = YES;
				CLANG_WARN_UNGUARDED_AVAILABILITY = YES_AGGRESSIVE;
				CLANG_WARN_UNREACHABLE_CODE = YES;
				CLANG_WARN__DUPLICATE_METHOD_MATCH = YES;
				COPY_PHASE_STRIP = NO;
				DEBUG_INFORMATION_FORMAT = "dwarf-with-dsym";
				ENABLE_NS_ASSERTIONS = NO;
				ENABLE_STRICT_OBJC_MSGSEND = YES;
				GCC_C_LANGUAGE_STANDARD = gnu11;
				GCC_NO_COMMON_BLOCKS = YES;
				GCC_WARN_64_TO_32_BIT_CONVERSION = YES;
				GCC_WARN_ABOUT_RETURN_TYPE = YES_ERROR;
				GCC_WARN_UNDECLARED_SELECTOR = YES;
				GCC_WARN_UNINITIALIZED_AUTOS = YES_AGGRESSIVE;
				GCC_WARN_UNUSED_FUNCTION = YES;
				GCC_WARN_UNUSED_VARIABLE = YES;
				MACOSX_DEPLOYMENT_TARGET = 12.3;
				MTL_ENABLE_DEBUG_INFO = NO;
				MTL_FAST_MATH = YES;
				SDKROOT = macosx;
				SWIFT_COMPILATION_MODE = wholemodule;
				SWIFT_OPTIMIZATION_LEVEL = "-O";
			};
			name = Release;
		};
		B3324D5528B11ED400F7263F /* Debug */ = {
			isa = XCBuildConfiguration;
			buildSettings = {
				CODE_SIGN_STYLE = Automatic;
				DEVELOPMENT_TEAM = 9FL2F2U32R;
				ENABLE_HARDENED_RUNTIME = YES;
				PRODUCT_NAME = "$(TARGET_NAME)";
				SWIFT_VERSION = 5.0;
			};
			name = Debug;
		};
		B3324D5628B11ED400F7263F /* Release */ = {
			isa = XCBuildConfiguration;
			buildSettings = {
				CODE_SIGN_STYLE = Automatic;
				DEVELOPMENT_TEAM = 9FL2F2U32R;
				ENABLE_HARDENED_RUNTIME = YES;
				PRODUCT_NAME = "$(TARGET_NAME)";
				SWIFT_VERSION = 5.0;
			};
			name = Release;
		};
/* End XCBuildConfiguration section */

/* Begin XCConfigurationList section */
		B3324D4828B11ED400F7263F /* Build configuration list for PBXProject "Programmers_SWIFT" */ = {
			isa = XCConfigurationList;
			buildConfigurations = (
				B3324D5228B11ED400F7263F /* Debug */,
				B3324D5328B11ED400F7263F /* Release */,
			);
			defaultConfigurationIsVisible = 0;
			defaultConfigurationName = Release;
		};
		B3324D5428B11ED400F7263F /* Build configuration list for PBXNativeTarget "Programmers_SWIFT" */ = {
			isa = XCConfigurationList;
			buildConfigurations = (
				B3324D5528B11ED400F7263F /* Debug */,
				B3324D5628B11ED400F7263F /* Release */,
			);
			defaultConfigurationIsVisible = 0;
			defaultConfigurationName = Release;
		};
/* End XCConfigurationList section */
	};
	rootObject = B3324D4528B11ED400F7263F /* Project object */;
}
